// !$*UTF8*$!
{
	archiveVersion = 1;
	classes = {
	};
	objectVersion = 46;
	objects = {

/* Begin PBXAggregateTarget section */
		9990A22D1ADBBD96001C5379 /* cpctelera-lib */ = {
			isa = PBXAggregateTarget;
			buildConfigurationList = 9990A22E1ADBBD96001C5379 /* Build configuration list for PBXAggregateTarget "cpctelera-lib" */;
			buildPhases = (
				9990A2311ADBBD9B001C5379 /* ShellScript */,
			);
			dependencies = (
			);
			name = "cpctelera-lib";
			productName = "cpctelera-lib";
		};
/* End PBXAggregateTarget section */

/* Begin PBXBuildFile section */
		992E8AA71AD6F3760076FC2F /* README.md in Sources */ = {isa = PBXBuildFile; fileRef = 992E8AA61AD6F3760076FC2F /* README.md */; };
		99E300B11AD570990027D514 /* main.c in Sources */ = {isa = PBXBuildFile; fileRef = 99E300B01AD570990027D514 /* main.c */; };
/* End PBXBuildFile section */

/* Begin PBXContainerItemProxy section */
		9990A2321ADBBDEC001C5379 /* PBXContainerItemProxy */ = {
			isa = PBXContainerItemProxy;
			containerPortal = 99E300A51AD570990027D514 /* Project object */;
			proxyType = 1;
			remoteGlobalIDString = 9990A22D1ADBBD96001C5379;
			remoteInfo = "cpctelera-lib";
		};
		99EBC3151AF7DBB7004E8EAF /* PBXContainerItemProxy */ = {
			isa = PBXContainerItemProxy;
			containerPortal = 99EBC2FE1AF7DB8E004E8EAF /* easy.xcodeproj */;
			proxyType = 1;
			remoteGlobalIDString = 99EBC2F11AF7DB8D004E8EAF;
			remoteInfo = easy;
		};
		99EBC3171AF7DBBB004E8EAF /* PBXContainerItemProxy */ = {
			isa = PBXContainerItemProxy;
			containerPortal = 99EBC3111AF7DB9A004E8EAF /* medium.xcodeproj */;
			proxyType = 1;
			remoteGlobalIDString = 99EBC3071AF7DB9A004E8EAF;
			remoteInfo = medium;
		};
		99EBC3191AF7DBBF004E8EAF /* PBXContainerItemProxy */ = {
			isa = PBXContainerItemProxy;
			containerPortal = 99EBC2E81AF7DB69004E8EAF /* advanced.xcodeproj */;
			proxyType = 1;
			remoteGlobalIDString = 99EBC2E01AF7DB68004E8EAF;
			remoteInfo = advanced;
		};
/* End PBXContainerItemProxy section */

/* Begin PBXCopyFilesBuildPhase section */
		99E300AB1AD570990027D514 /* CopyFiles */ = {
			isa = PBXCopyFilesBuildPhase;
			buildActionMask = 2147483647;
			dstPath = /usr/share/man/man1/;
			dstSubfolderSpec = 0;
			files = (
			);
			runOnlyForDeploymentPostprocessing = 1;
		};
/* End PBXCopyFilesBuildPhase section */

/* Begin PBXFileReference section */
		992E8AA61AD6F3760076FC2F /* README.md */ = {isa = PBXFileReference; fileEncoding = 4; lastKnownFileType = net.daringfireball.markdown; name = README.md; path = ../../README.md; sourceTree = "<group>"; };
		99E300AD1AD570990027D514 /* cpctelera_samples */ = {isa = PBXFileReference; explicitFileType = "compiled.mach-o.executable"; includeInIndex = 0; path = cpctelera_samples; sourceTree = BUILT_PRODUCTS_DIR; };
		99E300B01AD570990027D514 /* main.c */ = {isa = PBXFileReference; lastKnownFileType = sourcecode.c.c; path = main.c; sourceTree = "<group>"; };
		99EBC2E81AF7DB69004E8EAF /* advanced.xcodeproj */ = {isa = PBXFileReference; lastKnownFileType = "wrapper.pb-project"; name = advanced.xcodeproj; path = advanced/advanced.xcodeproj; sourceTree = "<group>"; };
		99EBC2FE1AF7DB8E004E8EAF /* easy.xcodeproj */ = {isa = PBXFileReference; lastKnownFileType = "wrapper.pb-project"; name = easy.xcodeproj; path = easy/easy.xcodeproj; sourceTree = "<group>"; };
		99EBC3111AF7DB9A004E8EAF /* medium.xcodeproj */ = {isa = PBXFileReference; lastKnownFileType = "wrapper.pb-project"; name = medium.xcodeproj; path = medium/medium.xcodeproj; sourceTree = "<group>"; };
/* End PBXFileReference section */

/* Begin PBXFrameworksBuildPhase section */
		99E300AA1AD570990027D514 /* Frameworks */ = {
			isa = PBXFrameworksBuildPhase;
			buildActionMask = 2147483647;
			files = (
			);
			runOnlyForDeploymentPostprocessing = 0;
		};
/* End PBXFrameworksBuildPhase section */

/* Begin PBXGroup section */
		9905CBF21AD641F10044F51D /* samples */ = {
			isa = PBXGroup;
			children = (
				99EBC2FE1AF7DB8E004E8EAF /* easy.xcodeproj */,
				99EBC3111AF7DB9A004E8EAF /* medium.xcodeproj */,
				99EBC2E81AF7DB69004E8EAF /* advanced.xcodeproj */,
			);
			name = samples;
			path = ../../../cpctelera/examples;
			sourceTree = SOURCE_ROOT;
		};
		99E300A41AD570990027D514 = {
			isa = PBXGroup;
			children = (
				992E8AA61AD6F3760076FC2F /* README.md */,
				9905CBF21AD641F10044F51D /* samples */,
				99E300AF1AD570990027D514 /* cpctelera_samples */,
				99E300AE1AD570990027D514 /* Products */,
			);
			sourceTree = "<group>";
		};
		99E300AE1AD570990027D514 /* Products */ = {
			isa = PBXGroup;
			children = (
				99E300AD1AD570990027D514 /* cpctelera_samples */,
			);
			name = Products;
			sourceTree = "<group>";
		};
		99E300AF1AD570990027D514 /* cpctelera_samples */ = {
			isa = PBXGroup;
			children = (
				99E300B01AD570990027D514 /* main.c */,
			);
			path = cpctelera_samples;
			sourceTree = "<group>";
		};
		99EBC2E91AF7DB69004E8EAF /* Products */ = {
			isa = PBXGroup;
			children = (
			);
			name = Products;
			sourceTree = "<group>";
		};
		99EBC2FF1AF7DB8E004E8EAF /* Products */ = {
			isa = PBXGroup;
			children = (
			);
			name = Products;
			sourceTree = "<group>";
		};
		99EBC3121AF7DB9A004E8EAF /* Products */ = {
			isa = PBXGroup;
			children = (
			);
			name = Products;
			sourceTree = "<group>";
		};
/* End PBXGroup section */

/* Begin PBXNativeTarget section */
		99E300AC1AD570990027D514 /* cpctelera_samples */ = {
			isa = PBXNativeTarget;
			buildConfigurationList = 99E300B41AD570990027D514 /* Build configuration list for PBXNativeTarget "cpctelera_samples" */;
			buildPhases = (
				99E300A91AD570990027D514 /* Sources */,
				99E300AA1AD570990027D514 /* Frameworks */,
				99E300AB1AD570990027D514 /* CopyFiles */,
			);
			buildRules = (
			);
			dependencies = (
				99EBC31A1AF7DBBF004E8EAF /* PBXTargetDependency */,
				99EBC3181AF7DBBB004E8EAF /* PBXTargetDependency */,
				99EBC3161AF7DBB7004E8EAF /* PBXTargetDependency */,
				9990A2331ADBBDEC001C5379 /* PBXTargetDependency */,
			);
			name = cpctelera_samples;
			productName = cpctelera_samples;
			productReference = 99E300AD1AD570990027D514 /* cpctelera_samples */;
			productType = "com.apple.product-type.tool";
		};
/* End PBXNativeTarget section */

/* Begin PBXProject section */
		99E300A51AD570990027D514 /* Project object */ = {
			isa = PBXProject;
			attributes = {
				LastUpgradeCheck = 0620;
				ORGANIZATIONNAME = cpctelera;
				TargetAttributes = {
					9990A22D1ADBBD96001C5379 = {
						CreatedOnToolsVersion = 6.3;
					};
					99E300AC1AD570990027D514 = {
						CreatedOnToolsVersion = 6.2;
					};
				};
			};
			buildConfigurationList = 99E300A81AD570990027D514 /* Build configuration list for PBXProject "cpctelera_samples" */;
			compatibilityVersion = "Xcode 3.2";
			developmentRegion = English;
			hasScannedForEncodings = 0;
			knownRegions = (
				en,
			);
			mainGroup = 99E300A41AD570990027D514;
			productRefGroup = 99E300AE1AD570990027D514 /* Products */;
			projectDirPath = "";
			projectReferences = (
				{
					ProductGroup = 99EBC2E91AF7DB69004E8EAF /* Products */;
					ProjectRef = 99EBC2E81AF7DB69004E8EAF /* advanced.xcodeproj */;
				},
				{
					ProductGroup = 99EBC2FF1AF7DB8E004E8EAF /* Products */;
					ProjectRef = 99EBC2FE1AF7DB8E004E8EAF /* easy.xcodeproj */;
				},
				{
					ProductGroup = 99EBC3121AF7DB9A004E8EAF /* Products */;
					ProjectRef = 99EBC3111AF7DB9A004E8EAF /* medium.xcodeproj */;
				},
			);
			projectRoot = "";
			targets = (
				99E300AC1AD570990027D514 /* cpctelera_samples */,
				9990A22D1ADBBD96001C5379 /* cpctelera-lib */,
			);
		};
/* End PBXProject section */

/* Begin PBXShellScriptBuildPhase section */
		9990A2311ADBBD9B001C5379 /* ShellScript */ = {
			isa = PBXShellScriptBuildPhase;
			buildActionMask = 2147483647;
			files = (
			);
			inputPaths = (
			);
			outputPaths = (
			);
			runOnlyForDeploymentPostprocessing = 0;
			shellPath = /bin/bash;
			shellScript = "cd ../../../cpctelera\n./setup.sh";
		};
/* End PBXShellScriptBuildPhase section */

/* Begin PBXSourcesBuildPhase section */
		99E300A91AD570990027D514 /* Sources */ = {
			isa = PBXSourcesBuildPhase;
			buildActionMask = 2147483647;
			files = (
				992E8AA71AD6F3760076FC2F /* README.md in Sources */,
				99E300B11AD570990027D514 /* main.c in Sources */,
			);
			runOnlyForDeploymentPostprocessing = 0;
		};
/* End PBXSourcesBuildPhase section */

/* Begin PBXTargetDependency section */
		9990A2331ADBBDEC001C5379 /* PBXTargetDependency */ = {
			isa = PBXTargetDependency;
			target = 9990A22D1ADBBD96001C5379 /* cpctelera-lib */;
			targetProxy = 9990A2321ADBBDEC001C5379 /* PBXContainerItemProxy */;
		};
		99EBC3161AF7DBB7004E8EAF /* PBXTargetDependency */ = {
			isa = PBXTargetDependency;
			name = easy;
			targetProxy = 99EBC3151AF7DBB7004E8EAF /* PBXContainerItemProxy */;
		};
		99EBC3181AF7DBBB004E8EAF /* PBXTargetDependency */ = {
			isa = PBXTargetDependency;
			name = medium;
			targetProxy = 99EBC3171AF7DBBB004E8EAF /* PBXContainerItemProxy */;
		};
		99EBC31A1AF7DBBF004E8EAF /* PBXTargetDependency */ = {
			isa = PBXTargetDependency;
			name = advanced;
			targetProxy = 99EBC3191AF7DBBF004E8EAF /* PBXContainerItemProxy */;
		};
/* End PBXTargetDependency section */

/* Begin XCBuildConfiguration section */
		9990A22F1ADBBD96001C5379 /* Debug */ = {
			isa = XCBuildConfiguration;
			buildSettings = {
				PRODUCT_NAME = "$(TARGET_NAME)";
			};
			name = Debug;
		};
		9990A2301ADBBD96001C5379 /* Release */ = {
			isa = XCBuildConfiguration;
			buildSettings = {
				PRODUCT_NAME = "$(TARGET_NAME)";
			};
			name = Release;
		};
		99E300B21AD570990027D514 /* Debug */ = {
			isa = XCBuildConfiguration;
			buildSettings = {
				ALWAYS_SEARCH_USER_PATHS = NO;
				CLANG_CXX_LANGUAGE_STANDARD = "gnu++0x";
				CLANG_CXX_LIBRARY = "libc++";
				CLANG_ENABLE_MODULES = YES;
				CLANG_ENABLE_OBJC_ARC = YES;
				CLANG_WARN_BOOL_CONVERSION = YES;
				CLANG_WARN_CONSTANT_CONVERSION = YES;
				CLANG_WARN_DIRECT_OBJC_ISA_USAGE = YES_ERROR;
				CLANG_WARN_EMPTY_BODY = YES;
				CLANG_WARN_ENUM_CONVERSION = YES;
				CLANG_WARN_INT_CONVERSION = YES;
				CLANG_WARN_OBJC_ROOT_CLASS = YES_ERROR;
				CLANG_WARN_UNREACHABLE_CODE = YES;
				CLANG_WARN__DUPLICATE_METHOD_MATCH = YES;
				COPY_PHASE_STRIP = NO;
				ENABLE_STRICT_OBJC_MSGSEND = YES;
				GCC_C_LANGUAGE_STANDARD = gnu99;
				GCC_DYNAMIC_NO_PIC = NO;
				GCC_OPTIMIZATION_LEVEL = 0;
				GCC_PREPROCESSOR_DEFINITIONS = (
					"DEBUG=1",
					"$(inherited)",
				);
				GCC_SYMBOLS_PRIVATE_EXTERN = NO;
				GCC_WARN_64_TO_32_BIT_CONVERSION = YES;
				GCC_WARN_ABOUT_RETURN_TYPE = YES_ERROR;
				GCC_WARN_UNDECLARED_SELECTOR = YES;
				GCC_WARN_UNINITIALIZED_AUTOS = YES_AGGRESSIVE;
				GCC_WARN_UNUSED_FUNCTION = YES;
				GCC_WARN_UNUSED_VARIABLE = YES;
				MACOSX_DEPLOYMENT_TARGET = 10.9;
				MTL_ENABLE_DEBUG_INFO = YES;
				ONLY_ACTIVE_ARCH = YES;
				SDKROOT = macosx;
			};
			name = Debug;
		};
		99E300B31AD570990027D514 /* Release */ = {
			isa = XCBuildConfiguration;
			buildSettings = {
				ALWAYS_SEARCH_USER_PATHS = NO;
				CLANG_CXX_LANGUAGE_STANDARD = "gnu++0x";
				CLANG_CXX_LIBRARY = "libc++";
				CLANG_ENABLE_MODULES = YES;
				CLANG_ENABLE_OBJC_ARC = YES;
				CLANG_WARN_BOOL_CONVERSION = YES;
				CLANG_WARN_CONSTANT_CONVERSION = YES;
				CLANG_WARN_DIRECT_OBJC_ISA_USAGE = YES_ERROR;
				CLANG_WARN_EMPTY_BODY = YES;
				CLANG_WARN_ENUM_CONVERSION = YES;
				CLANG_WARN_INT_CONVERSION = YES;
				CLANG_WARN_OBJC_ROOT_CLASS = YES_ERROR;
				CLANG_WARN_UNREACHABLE_CODE = YES;
				CLANG_WARN__DUPLICATE_METHOD_MATCH = YES;
				COPY_PHASE_STRIP = NO;
				DEBUG_INFORMATION_FORMAT = "dwarf-with-dsym";
				ENABLE_NS_ASSERTIONS = NO;
				ENABLE_STRICT_OBJC_MSGSEND = YES;
				GCC_C_LANGUAGE_STANDARD = gnu99;
				GCC_WARN_64_TO_32_BIT_CONVERSION = YES;
				GCC_WARN_ABOUT_RETURN_TYPE = YES_ERROR;
				GCC_WARN_UNDECLARED_SELECTOR = YES;
				GCC_WARN_UNINITIALIZED_AUTOS = YES_AGGRESSIVE;
				GCC_WARN_UNUSED_FUNCTION = YES;
				GCC_WARN_UNUSED_VARIABLE = YES;
				MACOSX_DEPLOYMENT_TARGET = 10.9;
				MTL_ENABLE_DEBUG_INFO = NO;
				SDKROOT = macosx;
			};
			name = Release;
		};
		99E300B51AD570990027D514 /* Debug */ = {
			isa = XCBuildConfiguration;
			buildSettings = {
				PRODUCT_NAME = "$(TARGET_NAME)";
			};
			name = Debug;
		};
		99E300B61AD570990027D514 /* Release */ = {
			isa = XCBuildConfiguration;
			buildSettings = {
				PRODUCT_NAME = "$(TARGET_NAME)";
			};
			name = Release;
		};
/* End XCBuildConfiguration section */

/* Begin XCConfigurationList section */
		9990A22E1ADBBD96001C5379 /* Build configuration list for PBXAggregateTarget "cpctelera-lib" */ = {
			isa = XCConfigurationList;
			buildConfigurations = (
				9990A22F1ADBBD96001C5379 /* Debug */,
				9990A2301ADBBD96001C5379 /* Release */,
			);
			defaultConfigurationIsVisible = 0;
			defaultConfigurationName = Release;
		};
		99E300A81AD570990027D514 /* Build configuration list for PBXProject "cpctelera_samples" */ = {
			isa = XCConfigurationList;
			buildConfigurations = (
				99E300B21AD570990027D514 /* Debug */,
				99E300B31AD570990027D514 /* Release */,
			);
			defaultConfigurationIsVisible = 0;
			defaultConfigurationName = Release;
		};
		99E300B41AD570990027D514 /* Build configuration list for PBXNativeTarget "cpctelera_samples" */ = {
			isa = XCConfigurationList;
			buildConfigurations = (
				99E300B51AD570990027D514 /* Debug */,
				99E300B61AD570990027D514 /* Release */,
			);
			defaultConfigurationIsVisible = 0;
			defaultConfigurationName = Release;
		};
/* End XCConfigurationList section */
	};
	rootObject = 99E300A51AD570990027D514 /* Project object */;
}
